
Microsoft Visual Studio Solution File, Format Version 12.00
# Visual Studio Version 17
VisualStudioVersion = 17.0.31912.275
MinimumVisualStudioVersion = 10.0.40219.1
Project("{9A19103F-16F7-4668-BE54-9A1E7A4F7556}") = "Docker.Demo", "Docker.Demo\Docker.Demo.csproj", "{2DEF5436-C298-47CF-9DBA-40F26C195472}"
EndProject
Project("{E53339B2-1760-4266-BCC7-CA923CBCF16C}") = "docker-compose", "docker-compose.dcproj", "{E724D93A-0E27-4AF2-A396-966B17078FD7}"
EndProject
Global
	GlobalSection(SolutionConfigurationPlatforms) = preSolution
		Debug|Any CPU = Debug|Any CPU
		Release|Any CPU = Release|Any CPU
	EndGlobalSection
	GlobalSection(ProjectConfigurationPlatforms) = postSolution
		{2DEF5436-C298-47CF-9DBA-40F26C195472}.Debug|Any CPU.ActiveCfg = Debug|Any CPU
		{2DEF5436-C298-47CF-9DBA-40F26C195472}.Debug|Any CPU.Build.0 = Debug|Any CPU
		{2DEF5436-C298-47CF-9DBA-40F26C195472}.Release|Any CPU.ActiveCfg = Release|Any CPU
		{2DEF5436-C298-47CF-9DBA-40F26C195472}.Release|Any CPU.Build.0 = Release|Any CPU
		{E724D93A-0E27-4AF2-A396-966B17078FD7}.Debug|Any CPU.ActiveCfg = Debug|Any CPU
		{E724D93A-0E27-4AF2-A396-966B17078FD7}.Debug|Any CPU.Build.0 = Debug|Any CPU
		{E724D93A-0E27-4AF2-A396-966B17078FD7}.Release|Any CPU.ActiveCfg = Release|Any CPU
		{E724D93A-0E27-4AF2-A396-966B17078FD7}.Release|Any CPU.Build.0 = Release|Any CPU
	EndGlobalSection
	GlobalSection(SolutionProperties) = preSolution
		HideSolutionNode = FALSE
	EndGlobalSection
	GlobalSection(ExtensibilityGlobals) = postSolution
		SolutionGuid = {603D2998-7ACD-4925-ACE4-EF3FCA0E6AE5}
	EndGlobalSection
EndGlobal
